// !$*UTF8*$!
{
	archiveVersion = 1;
	classes = {
	};
	objectVersion = 50;
	objects = {

/* Begin PBXBuildFile section */
		129961CD2469EBED00A88ADD /* AppDelegate.swift in Sources */ = {isa = PBXBuildFile; fileRef = 129961CC2469EBED00A88ADD /* AppDelegate.swift */; };
		129961CF2469EBED00A88ADD /* SceneDelegate.swift in Sources */ = {isa = PBXBuildFile; fileRef = 129961CE2469EBED00A88ADD /* SceneDelegate.swift */; };
		129961D12469EBED00A88ADD /* ViewController.swift in Sources */ = {isa = PBXBuildFile; fileRef = 129961D02469EBED00A88ADD /* ViewController.swift */; };
		129961D42469EBED00A88ADD /* Main.storyboard in Resources */ = {isa = PBXBuildFile; fileRef = 129961D22469EBED00A88ADD /* Main.storyboard */; };
		129961D62469EBF300A88ADD /* Assets.xcassets in Resources */ = {isa = PBXBuildFile; fileRef = 129961D52469EBF300A88ADD /* Assets.xcassets */; };
		129961D92469EBF300A88ADD /* LaunchScreen.storyboard in Resources */ = {isa = PBXBuildFile; fileRef = 129961D72469EBF300A88ADD /* LaunchScreen.storyboard */; };
		129961E42469EBF400A88ADD /* ExampleTests.swift in Sources */ = {isa = PBXBuildFile; fileRef = 129961E32469EBF400A88ADD /* ExampleTests.swift */; };
		129961EF2469EBF400A88ADD /* ExampleUITests.swift in Sources */ = {isa = PBXBuildFile; fileRef = 129961EE2469EBF400A88ADD /* ExampleUITests.swift */; };
		129961FB2469EC0300A88ADD /* DNDKit.framework in Frameworks */ = {isa = PBXBuildFile; fileRef = 12FE2B1421B9943E0082C9DA /* DNDKit.framework */; };
		129961FC2469EC0300A88ADD /* DNDKit.framework in Embed Frameworks */ = {isa = PBXBuildFile; fileRef = 12FE2B1421B9943E0082C9DA /* DNDKit.framework */; settings = {ATTRIBUTES = (CodeSignOnCopy, RemoveHeadersOnCopy, ); }; };
		12996224246A21BB00A88ADD /* TableViewCell.swift in Sources */ = {isa = PBXBuildFile; fileRef = 12996223246A21BB00A88ADD /* TableViewCell.swift */; };
		12FE2B1E21B9943F0082C9DA /* DNDKit.framework in Frameworks */ = {isa = PBXBuildFile; fileRef = 12FE2B1421B9943E0082C9DA /* DNDKit.framework */; };
		12FE2B2321B9943F0082C9DA /* DNDKitTests.swift in Sources */ = {isa = PBXBuildFile; fileRef = 12FE2B2221B9943F0082C9DA /* DNDKitTests.swift */; };
		12FE2B2521B9943F0082C9DA /* DNDKit.h in Headers */ = {isa = PBXBuildFile; fileRef = 12FE2B1721B9943E0082C9DA /* DNDKit.h */; settings = {ATTRIBUTES = (Public, ); }; };
		12FE2B4621B9945B0082C9DA /* CellType.swift in Sources */ = {isa = PBXBuildFile; fileRef = 12FE2B2F21B9945B0082C9DA /* CellType.swift */; };
		12FE2B4721B9945B0082C9DA /* DelegateType.swift in Sources */ = {isa = PBXBuildFile; fileRef = 12FE2B3021B9945B0082C9DA /* DelegateType.swift */; };
		12FE2B4821B9945B0082C9DA /* CollectionCell.swift in Sources */ = {isa = PBXBuildFile; fileRef = 12FE2B3221B9945B0082C9DA /* CollectionCell.swift */; };
		12FE2B4921B9945B0082C9DA /* CollectionDataSource.swift in Sources */ = {isa = PBXBuildFile; fileRef = 12FE2B3321B9945B0082C9DA /* CollectionDataSource.swift */; };
		12FE2B4A21B9945B0082C9DA /* CollectionSection.swift in Sources */ = {isa = PBXBuildFile; fileRef = 12FE2B3421B9945B0082C9DA /* CollectionSection.swift */; };
		12FE2B4B21B9945B0082C9DA /* CollectionDelegate.swift in Sources */ = {isa = PBXBuildFile; fileRef = 12FE2B3521B9945B0082C9DA /* CollectionDelegate.swift */; };
		12FE2B4C21B9945B0082C9DA /* CollectionDataModel.swift in Sources */ = {isa = PBXBuildFile; fileRef = 12FE2B3621B9945B0082C9DA /* CollectionDataModel.swift */; };
		12FE2B4D21B9945B0082C9DA /* Collection+Protocols.swift in Sources */ = {isa = PBXBuildFile; fileRef = 12FE2B3821B9945B0082C9DA /* Collection+Protocols.swift */; };
		12FE2B4E21B9945B0082C9DA /* Update.swift in Sources */ = {isa = PBXBuildFile; fileRef = 12FE2B3921B9945B0082C9DA /* Update.swift */; };
		12FE2B4F21B9945B0082C9DA /* DataSourceType.swift in Sources */ = {isa = PBXBuildFile; fileRef = 12FE2B3A21B9945B0082C9DA /* DataSourceType.swift */; };
		12FE2B5021B9945B0082C9DA /* SectionType.swift in Sources */ = {isa = PBXBuildFile; fileRef = 12FE2B3B21B9945B0082C9DA /* SectionType.swift */; };
		12FE2B5121B9945B0082C9DA /* DataModelType.swift in Sources */ = {isa = PBXBuildFile; fileRef = 12FE2B3C21B9945B0082C9DA /* DataModelType.swift */; };
		12FE2B5221B9945B0082C9DA /* TableDataSource.swift in Sources */ = {isa = PBXBuildFile; fileRef = 12FE2B3E21B9945B0082C9DA /* TableDataSource.swift */; };
		12FE2B5321B9945B0082C9DA /* TableSection.swift in Sources */ = {isa = PBXBuildFile; fileRef = 12FE2B3F21B9945B0082C9DA /* TableSection.swift */; };
		12FE2B5421B9945B0082C9DA /* TableDelegate.swift in Sources */ = {isa = PBXBuildFile; fileRef = 12FE2B4021B9945B0082C9DA /* TableDelegate.swift */; };
		12FE2B5521B9945B0082C9DA /* TableCell.swift in Sources */ = {isa = PBXBuildFile; fileRef = 12FE2B4121B9945B0082C9DA /* TableCell.swift */; };
		12FE2B5621B9945B0082C9DA /* TableDataModel.swift in Sources */ = {isa = PBXBuildFile; fileRef = 12FE2B4221B9945B0082C9DA /* TableDataModel.swift */; };
		12FE2B5721B9945B0082C9DA /* Table+Protocols.swift in Sources */ = {isa = PBXBuildFile; fileRef = 12FE2B4421B9945B0082C9DA /* Table+Protocols.swift */; };
		12FE2B5821B9945B0082C9DA /* ConfigurableCell.swift in Sources */ = {isa = PBXBuildFile; fileRef = 12FE2B4521B9945B0082C9DA /* ConfigurableCell.swift */; };
		12FE2B5D21B996540082C9DA /* Collection+Extensions.swift in Sources */ = {isa = PBXBuildFile; fileRef = 12FE2B5C21B996540082C9DA /* Collection+Extensions.swift */; };
		12FE2B5F21B997EB0082C9DA /* TableViewController.swift in Sources */ = {isa = PBXBuildFile; fileRef = 12FE2B5E21B997EB0082C9DA /* TableViewController.swift */; };
/* End PBXBuildFile section */

/* Begin PBXContainerItemProxy section */
		129961E02469EBF400A88ADD /* PBXContainerItemProxy */ = {
			isa = PBXContainerItemProxy;
			containerPortal = 12FE2B0B21B9943E0082C9DA /* Project object */;
			proxyType = 1;
			remoteGlobalIDString = 129961C92469EBED00A88ADD;
			remoteInfo = Example;
		};
		129961EB2469EBF400A88ADD /* PBXContainerItemProxy */ = {
			isa = PBXContainerItemProxy;
			containerPortal = 12FE2B0B21B9943E0082C9DA /* Project object */;
			proxyType = 1;
			remoteGlobalIDString = 129961C92469EBED00A88ADD;
			remoteInfo = Example;
		};
		129961FD2469EC0300A88ADD /* PBXContainerItemProxy */ = {
			isa = PBXContainerItemProxy;
			containerPortal = 12FE2B0B21B9943E0082C9DA /* Project object */;
			proxyType = 1;
			remoteGlobalIDString = 12FE2B1321B9943E0082C9DA;
			remoteInfo = DNDKit;
		};
		12FE2B1F21B9943F0082C9DA /* PBXContainerItemProxy */ = {
			isa = PBXContainerItemProxy;
			containerPortal = 12FE2B0B21B9943E0082C9DA /* Project object */;
			proxyType = 1;
			remoteGlobalIDString = 12FE2B1321B9943E0082C9DA;
			remoteInfo = DNDKit;
		};
/* End PBXContainerItemProxy section */

/* Begin PBXCopyFilesBuildPhase section */
		129961FF2469EC0300A88ADD /* Embed Frameworks */ = {
			isa = PBXCopyFilesBuildPhase;
			buildActionMask = 2147483647;
			dstPath = "";
			dstSubfolderSpec = 10;
			files = (
				129961FC2469EC0300A88ADD /* DNDKit.framework in Embed Frameworks */,
			);
			name = "Embed Frameworks";
			runOnlyForDeploymentPostprocessing = 0;
		};
/* End PBXCopyFilesBuildPhase section */

/* Begin PBXFileReference section */
		129961CA2469EBED00A88ADD /* Example.app */ = {isa = PBXFileReference; explicitFileType = wrapper.application; includeInIndex = 0; path = Example.app; sourceTree = BUILT_PRODUCTS_DIR; };
		129961CC2469EBED00A88ADD /* AppDelegate.swift */ = {isa = PBXFileReference; lastKnownFileType = sourcecode.swift; path = AppDelegate.swift; sourceTree = "<group>"; };
		129961CE2469EBED00A88ADD /* SceneDelegate.swift */ = {isa = PBXFileReference; lastKnownFileType = sourcecode.swift; path = SceneDelegate.swift; sourceTree = "<group>"; };
		129961D02469EBED00A88ADD /* ViewController.swift */ = {isa = PBXFileReference; lastKnownFileType = sourcecode.swift; path = ViewController.swift; sourceTree = "<group>"; };
		129961D32469EBED00A88ADD /* Base */ = {isa = PBXFileReference; lastKnownFileType = file.storyboard; name = Base; path = Base.lproj/Main.storyboard; sourceTree = "<group>"; };
		129961D52469EBF300A88ADD /* Assets.xcassets */ = {isa = PBXFileReference; lastKnownFileType = folder.assetcatalog; path = Assets.xcassets; sourceTree = "<group>"; };
		129961D82469EBF300A88ADD /* Base */ = {isa = PBXFileReference; lastKnownFileType = file.storyboard; name = Base; path = Base.lproj/LaunchScreen.storyboard; sourceTree = "<group>"; };
		129961DA2469EBF300A88ADD /* Info.plist */ = {isa = PBXFileReference; lastKnownFileType = text.plist.xml; path = Info.plist; sourceTree = "<group>"; };
		129961DF2469EBF400A88ADD /* ExampleTests.xctest */ = {isa = PBXFileReference; explicitFileType = wrapper.cfbundle; includeInIndex = 0; path = ExampleTests.xctest; sourceTree = BUILT_PRODUCTS_DIR; };
		129961E32469EBF400A88ADD /* ExampleTests.swift */ = {isa = PBXFileReference; lastKnownFileType = sourcecode.swift; path = ExampleTests.swift; sourceTree = "<group>"; };
		129961E52469EBF400A88ADD /* Info.plist */ = {isa = PBXFileReference; lastKnownFileType = text.plist.xml; path = Info.plist; sourceTree = "<group>"; };
		129961EA2469EBF400A88ADD /* ExampleUITests.xctest */ = {isa = PBXFileReference; explicitFileType = wrapper.cfbundle; includeInIndex = 0; path = ExampleUITests.xctest; sourceTree = BUILT_PRODUCTS_DIR; };
		129961EE2469EBF400A88ADD /* ExampleUITests.swift */ = {isa = PBXFileReference; lastKnownFileType = sourcecode.swift; path = ExampleUITests.swift; sourceTree = "<group>"; };
		129961F02469EBF400A88ADD /* Info.plist */ = {isa = PBXFileReference; lastKnownFileType = text.plist.xml; path = Info.plist; sourceTree = "<group>"; };
		12996223246A21BB00A88ADD /* TableViewCell.swift */ = {isa = PBXFileReference; lastKnownFileType = sourcecode.swift; path = TableViewCell.swift; sourceTree = "<group>"; };
		12FE2B1421B9943E0082C9DA /* DNDKit.framework */ = {isa = PBXFileReference; explicitFileType = wrapper.framework; includeInIndex = 0; path = DNDKit.framework; sourceTree = BUILT_PRODUCTS_DIR; };
		12FE2B1721B9943E0082C9DA /* DNDKit.h */ = {isa = PBXFileReference; lastKnownFileType = sourcecode.c.h; path = DNDKit.h; sourceTree = "<group>"; };
		12FE2B1821B9943F0082C9DA /* Info.plist */ = {isa = PBXFileReference; lastKnownFileType = text.plist.xml; path = Info.plist; sourceTree = "<group>"; };
		12FE2B1D21B9943F0082C9DA /* DNDKitTests.xctest */ = {isa = PBXFileReference; explicitFileType = wrapper.cfbundle; includeInIndex = 0; path = DNDKitTests.xctest; sourceTree = BUILT_PRODUCTS_DIR; };
		12FE2B2221B9943F0082C9DA /* DNDKitTests.swift */ = {isa = PBXFileReference; lastKnownFileType = sourcecode.swift; path = DNDKitTests.swift; sourceTree = "<group>"; };
		12FE2B2421B9943F0082C9DA /* Info.plist */ = {isa = PBXFileReference; lastKnownFileType = text.plist.xml; path = Info.plist; sourceTree = "<group>"; };
		12FE2B2F21B9945B0082C9DA /* CellType.swift */ = {isa = PBXFileReference; fileEncoding = 4; lastKnownFileType = sourcecode.swift; path = CellType.swift; sourceTree = "<group>"; };
		12FE2B3021B9945B0082C9DA /* DelegateType.swift */ = {isa = PBXFileReference; fileEncoding = 4; lastKnownFileType = sourcecode.swift; path = DelegateType.swift; sourceTree = "<group>"; };
		12FE2B3221B9945B0082C9DA /* CollectionCell.swift */ = {isa = PBXFileReference; fileEncoding = 4; lastKnownFileType = sourcecode.swift; path = CollectionCell.swift; sourceTree = "<group>"; };
		12FE2B3321B9945B0082C9DA /* CollectionDataSource.swift */ = {isa = PBXFileReference; fileEncoding = 4; lastKnownFileType = sourcecode.swift; path = CollectionDataSource.swift; sourceTree = "<group>"; };
		12FE2B3421B9945B0082C9DA /* CollectionSection.swift */ = {isa = PBXFileReference; fileEncoding = 4; lastKnownFileType = sourcecode.swift; path = CollectionSection.swift; sourceTree = "<group>"; };
		12FE2B3521B9945B0082C9DA /* CollectionDelegate.swift */ = {isa = PBXFileReference; fileEncoding = 4; lastKnownFileType = sourcecode.swift; path = CollectionDelegate.swift; sourceTree = "<group>"; };
		12FE2B3621B9945B0082C9DA /* CollectionDataModel.swift */ = {isa = PBXFileReference; fileEncoding = 4; lastKnownFileType = sourcecode.swift; path = CollectionDataModel.swift; sourceTree = "<group>"; };
		12FE2B3821B9945B0082C9DA /* Collection+Protocols.swift */ = {isa = PBXFileReference; fileEncoding = 4; lastKnownFileType = sourcecode.swift; path = "Collection+Protocols.swift"; sourceTree = "<group>"; };
		12FE2B3921B9945B0082C9DA /* Update.swift */ = {isa = PBXFileReference; fileEncoding = 4; lastKnownFileType = sourcecode.swift; path = Update.swift; sourceTree = "<group>"; };
		12FE2B3A21B9945B0082C9DA /* DataSourceType.swift */ = {isa = PBXFileReference; fileEncoding = 4; lastKnownFileType = sourcecode.swift; path = DataSourceType.swift; sourceTree = "<group>"; };
		12FE2B3B21B9945B0082C9DA /* SectionType.swift */ = {isa = PBXFileReference; fileEncoding = 4; lastKnownFileType = sourcecode.swift; path = SectionType.swift; sourceTree = "<group>"; };
		12FE2B3C21B9945B0082C9DA /* DataModelType.swift */ = {isa = PBXFileReference; fileEncoding = 4; lastKnownFileType = sourcecode.swift; path = DataModelType.swift; sourceTree = "<group>"; };
		12FE2B3E21B9945B0082C9DA /* TableDataSource.swift */ = {isa = PBXFileReference; fileEncoding = 4; lastKnownFileType = sourcecode.swift; path = TableDataSource.swift; sourceTree = "<group>"; };
		12FE2B3F21B9945B0082C9DA /* TableSection.swift */ = {isa = PBXFileReference; fileEncoding = 4; lastKnownFileType = sourcecode.swift; path = TableSection.swift; sourceTree = "<group>"; };
		12FE2B4021B9945B0082C9DA /* TableDelegate.swift */ = {isa = PBXFileReference; fileEncoding = 4; lastKnownFileType = sourcecode.swift; path = TableDelegate.swift; sourceTree = "<group>"; };
		12FE2B4121B9945B0082C9DA /* TableCell.swift */ = {isa = PBXFileReference; fileEncoding = 4; lastKnownFileType = sourcecode.swift; path = TableCell.swift; sourceTree = "<group>"; };
		12FE2B4221B9945B0082C9DA /* TableDataModel.swift */ = {isa = PBXFileReference; fileEncoding = 4; lastKnownFileType = sourcecode.swift; path = TableDataModel.swift; sourceTree = "<group>"; };
		12FE2B4421B9945B0082C9DA /* Table+Protocols.swift */ = {isa = PBXFileReference; fileEncoding = 4; lastKnownFileType = sourcecode.swift; path = "Table+Protocols.swift"; sourceTree = "<group>"; };
		12FE2B4521B9945B0082C9DA /* ConfigurableCell.swift */ = {isa = PBXFileReference; fileEncoding = 4; lastKnownFileType = sourcecode.swift; path = ConfigurableCell.swift; sourceTree = "<group>"; };
		12FE2B5C21B996540082C9DA /* Collection+Extensions.swift */ = {isa = PBXFileReference; lastKnownFileType = sourcecode.swift; path = "Collection+Extensions.swift"; sourceTree = "<group>"; };
		12FE2B5E21B997EB0082C9DA /* TableViewController.swift */ = {isa = PBXFileReference; lastKnownFileType = sourcecode.swift; path = TableViewController.swift; sourceTree = "<group>"; };
/* End PBXFileReference section */

/* Begin PBXFrameworksBuildPhase section */
		129961C72469EBED00A88ADD /* Frameworks */ = {
			isa = PBXFrameworksBuildPhase;
			buildActionMask = 2147483647;
			files = (
				129961FB2469EC0300A88ADD /* DNDKit.framework in Frameworks */,
			);
			runOnlyForDeploymentPostprocessing = 0;
		};
		129961DC2469EBF300A88ADD /* Frameworks */ = {
			isa = PBXFrameworksBuildPhase;
			buildActionMask = 2147483647;
			files = (
			);
			runOnlyForDeploymentPostprocessing = 0;
		};
		129961E72469EBF400A88ADD /* Frameworks */ = {
			isa = PBXFrameworksBuildPhase;
			buildActionMask = 2147483647;
			files = (
			);
			runOnlyForDeploymentPostprocessing = 0;
		};
		12FE2B1121B9943E0082C9DA /* Frameworks */ = {
			isa = PBXFrameworksBuildPhase;
			buildActionMask = 2147483647;
			files = (
			);
			runOnlyForDeploymentPostprocessing = 0;
		};
		12FE2B1A21B9943F0082C9DA /* Frameworks */ = {
			isa = PBXFrameworksBuildPhase;
			buildActionMask = 2147483647;
			files = (
				12FE2B1E21B9943F0082C9DA /* DNDKit.framework in Frameworks */,
			);
			runOnlyForDeploymentPostprocessing = 0;
		};
/* End PBXFrameworksBuildPhase section */

/* Begin PBXGroup section */
		129961CB2469EBED00A88ADD /* Example */ = {
			isa = PBXGroup;
			children = (
				129961CC2469EBED00A88ADD /* AppDelegate.swift */,
				129961CE2469EBED00A88ADD /* SceneDelegate.swift */,
				129961D02469EBED00A88ADD /* ViewController.swift */,
				129961D22469EBED00A88ADD /* Main.storyboard */,
				129961D52469EBF300A88ADD /* Assets.xcassets */,
				129961D72469EBF300A88ADD /* LaunchScreen.storyboard */,
				129961DA2469EBF300A88ADD /* Info.plist */,
			);
			path = Example;
			sourceTree = "<group>";
		};
		129961E22469EBF400A88ADD /* ExampleTests */ = {
			isa = PBXGroup;
			children = (
				129961E32469EBF400A88ADD /* ExampleTests.swift */,
				129961E52469EBF400A88ADD /* Info.plist */,
			);
			path = ExampleTests;
			sourceTree = "<group>";
		};
		129961ED2469EBF400A88ADD /* ExampleUITests */ = {
			isa = PBXGroup;
			children = (
				129961EE2469EBF400A88ADD /* ExampleUITests.swift */,
				129961F02469EBF400A88ADD /* Info.plist */,
			);
			path = ExampleUITests;
			sourceTree = "<group>";
		};
		129961FA2469EC0300A88ADD /* Frameworks */ = {
			isa = PBXGroup;
			children = (
			);
			name = Frameworks;
			sourceTree = "<group>";
		};
		12FE2B0A21B9943E0082C9DA = {
			isa = PBXGroup;
			children = (
				12FE2B1621B9943E0082C9DA /* DNDKit */,
				12FE2B2121B9943F0082C9DA /* DNDKitTests */,
				129961CB2469EBED00A88ADD /* Example */,
				129961E22469EBF400A88ADD /* ExampleTests */,
				129961ED2469EBF400A88ADD /* ExampleUITests */,
				12FE2B1521B9943E0082C9DA /* Products */,
				129961FA2469EC0300A88ADD /* Frameworks */,
			);
			sourceTree = "<group>";
		};
		12FE2B1521B9943E0082C9DA /* Products */ = {
			isa = PBXGroup;
			children = (
				12FE2B1421B9943E0082C9DA /* DNDKit.framework */,
				12FE2B1D21B9943F0082C9DA /* DNDKitTests.xctest */,
				129961CA2469EBED00A88ADD /* Example.app */,
				129961DF2469EBF400A88ADD /* ExampleTests.xctest */,
				129961EA2469EBF400A88ADD /* ExampleUITests.xctest */,
			);
			name = Products;
			sourceTree = "<group>";
		};
		12FE2B1621B9943E0082C9DA /* DNDKit */ = {
			isa = PBXGroup;
			children = (
				12FE2B5B21B9963E0082C9DA /* Utilities */,
				12FE2B5A21B994E70082C9DA /* Models */,
				12FE2B5921B994C80082C9DA /* Protocols */,
				12FE2B3121B9945B0082C9DA /* Collection */,
				12FE2B3D21B9945B0082C9DA /* Table */,
				12FE2B1721B9943E0082C9DA /* DNDKit.h */,
				12FE2B1821B9943F0082C9DA /* Info.plist */,
			);
			path = DNDKit;
			sourceTree = "<group>";
		};
		12FE2B2121B9943F0082C9DA /* DNDKitTests */ = {
			isa = PBXGroup;
			children = (
				12FE2B2221B9943F0082C9DA /* DNDKitTests.swift */,
				12FE2B2421B9943F0082C9DA /* Info.plist */,
			);
			path = DNDKitTests;
			sourceTree = "<group>";
		};
		12FE2B3121B9945B0082C9DA /* Collection */ = {
			isa = PBXGroup;
			children = (
				12FE2B3221B9945B0082C9DA /* CollectionCell.swift */,
				12FE2B3321B9945B0082C9DA /* CollectionDataSource.swift */,
				12FE2B3421B9945B0082C9DA /* CollectionSection.swift */,
				12FE2B3521B9945B0082C9DA /* CollectionDelegate.swift */,
				12FE2B3621B9945B0082C9DA /* CollectionDataModel.swift */,
				12FE2B3721B9945B0082C9DA /* Protocols */,
			);
			path = Collection;
			sourceTree = "<group>";
		};
		12FE2B3721B9945B0082C9DA /* Protocols */ = {
			isa = PBXGroup;
			children = (
				12FE2B3821B9945B0082C9DA /* Collection+Protocols.swift */,
			);
			path = Protocols;
			sourceTree = "<group>";
		};
		12FE2B3D21B9945B0082C9DA /* Table */ = {
			isa = PBXGroup;
			children = (
				12FE2B5E21B997EB0082C9DA /* TableViewController.swift */,
				12FE2B3E21B9945B0082C9DA /* TableDataSource.swift */,
				12FE2B3F21B9945B0082C9DA /* TableSection.swift */,
				12FE2B4021B9945B0082C9DA /* TableDelegate.swift */,
				12FE2B4121B9945B0082C9DA /* TableCell.swift */,
				12FE2B4221B9945B0082C9DA /* TableDataModel.swift */,
				12996223246A21BB00A88ADD /* TableViewCell.swift */,
				12FE2B4321B9945B0082C9DA /* Protocols */,
			);
			path = Table;
			sourceTree = "<group>";
		};
		12FE2B4321B9945B0082C9DA /* Protocols */ = {
			isa = PBXGroup;
			children = (
				12FE2B4421B9945B0082C9DA /* Table+Protocols.swift */,
			);
			path = Protocols;
			sourceTree = "<group>";
		};
		12FE2B5921B994C80082C9DA /* Protocols */ = {
			isa = PBXGroup;
			children = (
				12FE2B3C21B9945B0082C9DA /* DataModelType.swift */,
				12FE2B3021B9945B0082C9DA /* DelegateType.swift */,
				12FE2B3A21B9945B0082C9DA /* DataSourceType.swift */,
				12FE2B3B21B9945B0082C9DA /* SectionType.swift */,
				12FE2B2F21B9945B0082C9DA /* CellType.swift */,
				12FE2B4521B9945B0082C9DA /* ConfigurableCell.swift */,
			);
			path = Protocols;
			sourceTree = "<group>";
		};
		12FE2B5A21B994E70082C9DA /* Models */ = {
			isa = PBXGroup;
			children = (
				12FE2B3921B9945B0082C9DA /* Update.swift */,
			);
			path = Models;
			sourceTree = "<group>";
		};
		12FE2B5B21B9963E0082C9DA /* Utilities */ = {
			isa = PBXGroup;
			children = (
				12FE2B5C21B996540082C9DA /* Collection+Extensions.swift */,
			);
			path = Utilities;
			sourceTree = "<group>";
		};
/* End PBXGroup section */

/* Begin PBXHeadersBuildPhase section */
		12FE2B0F21B9943E0082C9DA /* Headers */ = {
			isa = PBXHeadersBuildPhase;
			buildActionMask = 2147483647;
			files = (
				12FE2B2521B9943F0082C9DA /* DNDKit.h in Headers */,
			);
			runOnlyForDeploymentPostprocessing = 0;
		};
/* End PBXHeadersBuildPhase section */

/* Begin PBXNativeTarget section */
		129961C92469EBED00A88ADD /* Example */ = {
			isa = PBXNativeTarget;
			buildConfigurationList = 129961F12469EBF400A88ADD /* Build configuration list for PBXNativeTarget "Example" */;
			buildPhases = (
				129961C62469EBED00A88ADD /* Sources */,
				129961C72469EBED00A88ADD /* Frameworks */,
				129961C82469EBED00A88ADD /* Resources */,
				129961FF2469EC0300A88ADD /* Embed Frameworks */,
			);
			buildRules = (
			);
			dependencies = (
				129961FE2469EC0300A88ADD /* PBXTargetDependency */,
			);
			name = Example;
			productName = Example;
			productReference = 129961CA2469EBED00A88ADD /* Example.app */;
			productType = "com.apple.product-type.application";
		};
		129961DE2469EBF300A88ADD /* ExampleTests */ = {
			isa = PBXNativeTarget;
			buildConfigurationList = 129961F42469EBF400A88ADD /* Build configuration list for PBXNativeTarget "ExampleTests" */;
			buildPhases = (
				129961DB2469EBF300A88ADD /* Sources */,
				129961DC2469EBF300A88ADD /* Frameworks */,
				129961DD2469EBF300A88ADD /* Resources */,
			);
			buildRules = (
			);
			dependencies = (
				129961E12469EBF400A88ADD /* PBXTargetDependency */,
			);
			name = ExampleTests;
			productName = ExampleTests;
			productReference = 129961DF2469EBF400A88ADD /* ExampleTests.xctest */;
			productType = "com.apple.product-type.bundle.unit-test";
		};
		129961E92469EBF400A88ADD /* ExampleUITests */ = {
			isa = PBXNativeTarget;
			buildConfigurationList = 129961F72469EBF400A88ADD /* Build configuration list for PBXNativeTarget "ExampleUITests" */;
			buildPhases = (
				129961E62469EBF400A88ADD /* Sources */,
				129961E72469EBF400A88ADD /* Frameworks */,
				129961E82469EBF400A88ADD /* Resources */,
			);
			buildRules = (
			);
			dependencies = (
				129961EC2469EBF400A88ADD /* PBXTargetDependency */,
			);
			name = ExampleUITests;
			productName = ExampleUITests;
			productReference = 129961EA2469EBF400A88ADD /* ExampleUITests.xctest */;
			productType = "com.apple.product-type.bundle.ui-testing";
		};
		12FE2B1321B9943E0082C9DA /* DNDKit */ = {
			isa = PBXNativeTarget;
			buildConfigurationList = 12FE2B2821B9943F0082C9DA /* Build configuration list for PBXNativeTarget "DNDKit" */;
			buildPhases = (
				12FE2B0F21B9943E0082C9DA /* Headers */,
				12FE2B1021B9943E0082C9DA /* Sources */,
				12FE2B1121B9943E0082C9DA /* Frameworks */,
				12FE2B1221B9943E0082C9DA /* Resources */,
			);
			buildRules = (
			);
			dependencies = (
			);
			name = DNDKit;
			productName = DNDKit;
			productReference = 12FE2B1421B9943E0082C9DA /* DNDKit.framework */;
			productType = "com.apple.product-type.framework";
		};
		12FE2B1C21B9943F0082C9DA /* DNDKitTests */ = {
			isa = PBXNativeTarget;
			buildConfigurationList = 12FE2B2B21B9943F0082C9DA /* Build configuration list for PBXNativeTarget "DNDKitTests" */;
			buildPhases = (
				12FE2B1921B9943F0082C9DA /* Sources */,
				12FE2B1A21B9943F0082C9DA /* Frameworks */,
				12FE2B1B21B9943F0082C9DA /* Resources */,
			);
			buildRules = (
			);
			dependencies = (
				12FE2B2021B9943F0082C9DA /* PBXTargetDependency */,
			);
			name = DNDKitTests;
			productName = DNDKitTests;
			productReference = 12FE2B1D21B9943F0082C9DA /* DNDKitTests.xctest */;
			productType = "com.apple.product-type.bundle.unit-test";
		};
/* End PBXNativeTarget section */

/* Begin PBXProject section */
		12FE2B0B21B9943E0082C9DA /* Project object */ = {
			isa = PBXProject;
			attributes = {
				LastSwiftUpdateCheck = 1140;
				LastUpgradeCheck = 1010;
				ORGANIZATIONNAME = "Reid Chatham";
				TargetAttributes = {
					129961C92469EBED00A88ADD = {
						CreatedOnToolsVersion = 11.4.1;
					};
					129961DE2469EBF300A88ADD = {
						CreatedOnToolsVersion = 11.4.1;
						TestTargetID = 129961C92469EBED00A88ADD;
					};
					129961E92469EBF400A88ADD = {
						CreatedOnToolsVersion = 11.4.1;
						TestTargetID = 129961C92469EBED00A88ADD;
					};
					12FE2B1321B9943E0082C9DA = {
						CreatedOnToolsVersion = 10.1;
					};
					12FE2B1C21B9943F0082C9DA = {
						CreatedOnToolsVersion = 10.1;
					};
				};
			};
			buildConfigurationList = 12FE2B0E21B9943E0082C9DA /* Build configuration list for PBXProject "DNDKit" */;
			compatibilityVersion = "Xcode 9.3";
			developmentRegion = en;
			hasScannedForEncodings = 0;
			knownRegions = (
				en,
				Base,
			);
			mainGroup = 12FE2B0A21B9943E0082C9DA;
			productRefGroup = 12FE2B1521B9943E0082C9DA /* Products */;
			projectDirPath = "";
			projectRoot = "";
			targets = (
				12FE2B1321B9943E0082C9DA /* DNDKit */,
				12FE2B1C21B9943F0082C9DA /* DNDKitTests */,
				129961C92469EBED00A88ADD /* Example */,
				129961DE2469EBF300A88ADD /* ExampleTests */,
				129961E92469EBF400A88ADD /* ExampleUITests */,
			);
		};
/* End PBXProject section */

/* Begin PBXResourcesBuildPhase section */
		129961C82469EBED00A88ADD /* Resources */ = {
			isa = PBXResourcesBuildPhase;
			buildActionMask = 2147483647;
			files = (
				129961D92469EBF300A88ADD /* LaunchScreen.storyboard in Resources */,
				129961D62469EBF300A88ADD /* Assets.xcassets in Resources */,
				129961D42469EBED00A88ADD /* Main.storyboard in Resources */,
			);
			runOnlyForDeploymentPostprocessing = 0;
		};
		129961DD2469EBF300A88ADD /* Resources */ = {
			isa = PBXResourcesBuildPhase;
			buildActionMask = 2147483647;
			files = (
			);
			runOnlyForDeploymentPostprocessing = 0;
		};
		129961E82469EBF400A88ADD /* Resources */ = {
			isa = PBXResourcesBuildPhase;
			buildActionMask = 2147483647;
			files = (
			);
			runOnlyForDeploymentPostprocessing = 0;
		};
		12FE2B1221B9943E0082C9DA /* Resources */ = {
			isa = PBXResourcesBuildPhase;
			buildActionMask = 2147483647;
			files = (
			);
			runOnlyForDeploymentPostprocessing = 0;
		};
		12FE2B1B21B9943F0082C9DA /* Resources */ = {
			isa = PBXResourcesBuildPhase;
			buildActionMask = 2147483647;
			files = (
			);
			runOnlyForDeploymentPostprocessing = 0;
		};
/* End PBXResourcesBuildPhase section */

/* Begin PBXSourcesBuildPhase section */
		129961C62469EBED00A88ADD /* Sources */ = {
			isa = PBXSourcesBuildPhase;
			buildActionMask = 2147483647;
			files = (
				129961D12469EBED00A88ADD /* ViewController.swift in Sources */,
				129961CD2469EBED00A88ADD /* AppDelegate.swift in Sources */,
				129961CF2469EBED00A88ADD /* SceneDelegate.swift in Sources */,
			);
			runOnlyForDeploymentPostprocessing = 0;
		};
		129961DB2469EBF300A88ADD /* Sources */ = {
			isa = PBXSourcesBuildPhase;
			buildActionMask = 2147483647;
			files = (
				129961E42469EBF400A88ADD /* ExampleTests.swift in Sources */,
			);
			runOnlyForDeploymentPostprocessing = 0;
		};
		129961E62469EBF400A88ADD /* Sources */ = {
			isa = PBXSourcesBuildPhase;
			buildActionMask = 2147483647;
			files = (
				129961EF2469EBF400A88ADD /* ExampleUITests.swift in Sources */,
			);
			runOnlyForDeploymentPostprocessing = 0;
		};
		12FE2B1021B9943E0082C9DA /* Sources */ = {
			isa = PBXSourcesBuildPhase;
			buildActionMask = 2147483647;
			files = (
				12FE2B5621B9945B0082C9DA /* TableDataModel.swift in Sources */,
				12FE2B5F21B997EB0082C9DA /* TableViewController.swift in Sources */,
				12FE2B5321B9945B0082C9DA /* TableSection.swift in Sources */,
				12FE2B4A21B9945B0082C9DA /* CollectionSection.swift in Sources */,
				12FE2B5521B9945B0082C9DA /* TableCell.swift in Sources */,
				12FE2B4921B9945B0082C9DA /* CollectionDataSource.swift in Sources */,
				12FE2B4B21B9945B0082C9DA /* CollectionDelegate.swift in Sources */,
				12FE2B5121B9945B0082C9DA /* DataModelType.swift in Sources */,
				12FE2B5021B9945B0082C9DA /* SectionType.swift in Sources */,
				12FE2B5721B9945B0082C9DA /* Table+Protocols.swift in Sources */,
				12FE2B5D21B996540082C9DA /* Collection+Extensions.swift in Sources */,
				12FE2B4E21B9945B0082C9DA /* Update.swift in Sources */,
				12FE2B5421B9945B0082C9DA /* TableDelegate.swift in Sources */,
				12FE2B4721B9945B0082C9DA /* DelegateType.swift in Sources */,
				12FE2B4621B9945B0082C9DA /* CellType.swift in Sources */,
				12FE2B4C21B9945B0082C9DA /* CollectionDataModel.swift in Sources */,
				12FE2B4821B9945B0082C9DA /* CollectionCell.swift in Sources */,
				12996224246A21BB00A88ADD /* TableViewCell.swift in Sources */,
				12FE2B4F21B9945B0082C9DA /* DataSourceType.swift in Sources */,
				12FE2B5221B9945B0082C9DA /* TableDataSource.swift in Sources */,
				12FE2B4D21B9945B0082C9DA /* Collection+Protocols.swift in Sources */,
				12FE2B5821B9945B0082C9DA /* ConfigurableCell.swift in Sources */,
			);
			runOnlyForDeploymentPostprocessing = 0;
		};
		12FE2B1921B9943F0082C9DA /* Sources */ = {
			isa = PBXSourcesBuildPhase;
			buildActionMask = 2147483647;
			files = (
				12FE2B2321B9943F0082C9DA /* DNDKitTests.swift in Sources */,
			);
			runOnlyForDeploymentPostprocessing = 0;
		};
/* End PBXSourcesBuildPhase section */

/* Begin PBXTargetDependency section */
		129961E12469EBF400A88ADD /* PBXTargetDependency */ = {
			isa = PBXTargetDependency;
			target = 129961C92469EBED00A88ADD /* Example */;
			targetProxy = 129961E02469EBF400A88ADD /* PBXContainerItemProxy */;
		};
		129961EC2469EBF400A88ADD /* PBXTargetDependency */ = {
			isa = PBXTargetDependency;
			target = 129961C92469EBED00A88ADD /* Example */;
			targetProxy = 129961EB2469EBF400A88ADD /* PBXContainerItemProxy */;
		};
		129961FE2469EC0300A88ADD /* PBXTargetDependency */ = {
			isa = PBXTargetDependency;
			target = 12FE2B1321B9943E0082C9DA /* DNDKit */;
			targetProxy = 129961FD2469EC0300A88ADD /* PBXContainerItemProxy */;
		};
		12FE2B2021B9943F0082C9DA /* PBXTargetDependency */ = {
			isa = PBXTargetDependency;
			target = 12FE2B1321B9943E0082C9DA /* DNDKit */;
			targetProxy = 12FE2B1F21B9943F0082C9DA /* PBXContainerItemProxy */;
		};
/* End PBXTargetDependency section */

/* Begin PBXVariantGroup section */
		129961D22469EBED00A88ADD /* Main.storyboard */ = {
			isa = PBXVariantGroup;
			children = (
				129961D32469EBED00A88ADD /* Base */,
			);
			name = Main.storyboard;
			sourceTree = "<group>";
		};
		129961D72469EBF300A88ADD /* LaunchScreen.storyboard */ = {
			isa = PBXVariantGroup;
			children = (
				129961D82469EBF300A88ADD /* Base */,
			);
			name = LaunchScreen.storyboard;
			sourceTree = "<group>";
		};
/* End PBXVariantGroup section */

/* Begin XCBuildConfiguration section */
		129961F22469EBF400A88ADD /* Debug */ = {
			isa = XCBuildConfiguration;
			buildSettings = {
				ASSETCATALOG_COMPILER_APPICON_NAME = AppIcon;
				CODE_SIGN_STYLE = Automatic;
				DEVELOPMENT_TEAM = 82W93M4H92;
				INFOPLIST_FILE = Example/Info.plist;
				IPHONEOS_DEPLOYMENT_TARGET = 13.4;
				LD_RUNPATH_SEARCH_PATHS = (
					"$(inherited)",
					"@executable_path/Frameworks",
				);
				PRODUCT_BUNDLE_IDENTIFIER = com.reidchatham.Example;
				PRODUCT_NAME = "$(TARGET_NAME)";
				SWIFT_VERSION = 5.0;
				TARGETED_DEVICE_FAMILY = "1,2";
			};
			name = Debug;
		};
		129961F32469EBF400A88ADD /* Release */ = {
			isa = XCBuildConfiguration;
			buildSettings = {
				ASSETCATALOG_COMPILER_APPICON_NAME = AppIcon;
				CODE_SIGN_STYLE = Automatic;
				DEVELOPMENT_TEAM = 82W93M4H92;
				INFOPLIST_FILE = Example/Info.plist;
				IPHONEOS_DEPLOYMENT_TARGET = 13.4;
				LD_RUNPATH_SEARCH_PATHS = (
					"$(inherited)",
					"@executable_path/Frameworks",
				);
				PRODUCT_BUNDLE_IDENTIFIER = com.reidchatham.Example;
				PRODUCT_NAME = "$(TARGET_NAME)";
				SWIFT_VERSION = 5.0;
				TARGETED_DEVICE_FAMILY = "1,2";
			};
			name = Release;
		};
		129961F52469EBF400A88ADD /* Debug */ = {
			isa = XCBuildConfiguration;
			buildSettings = {
				ALWAYS_EMBED_SWIFT_STANDARD_LIBRARIES = YES;
				BUNDLE_LOADER = "$(TEST_HOST)";
				CODE_SIGN_STYLE = Automatic;
				DEVELOPMENT_TEAM = 82W93M4H92;
				INFOPLIST_FILE = ExampleTests/Info.plist;
				IPHONEOS_DEPLOYMENT_TARGET = 13.4;
				LD_RUNPATH_SEARCH_PATHS = (
					"$(inherited)",
					"@executable_path/Frameworks",
					"@loader_path/Frameworks",
				);
				PRODUCT_BUNDLE_IDENTIFIER = com.reidchatham.ExampleTests;
				PRODUCT_NAME = "$(TARGET_NAME)";
				SWIFT_VERSION = 5.0;
				TARGETED_DEVICE_FAMILY = "1,2";
				TEST_HOST = "$(BUILT_PRODUCTS_DIR)/Example.app/Example";
			};
			name = Debug;
		};
		129961F62469EBF400A88ADD /* Release */ = {
			isa = XCBuildConfiguration;
			buildSettings = {
				ALWAYS_EMBED_SWIFT_STANDARD_LIBRARIES = YES;
				BUNDLE_LOADER = "$(TEST_HOST)";
				CODE_SIGN_STYLE = Automatic;
				DEVELOPMENT_TEAM = 82W93M4H92;
				INFOPLIST_FILE = ExampleTests/Info.plist;
				IPHONEOS_DEPLOYMENT_TARGET = 13.4;
				LD_RUNPATH_SEARCH_PATHS = (
					"$(inherited)",
					"@executable_path/Frameworks",
					"@loader_path/Frameworks",
				);
				PRODUCT_BUNDLE_IDENTIFIER = com.reidchatham.ExampleTests;
				PRODUCT_NAME = "$(TARGET_NAME)";
				SWIFT_VERSION = 5.0;
				TARGETED_DEVICE_FAMILY = "1,2";
				TEST_HOST = "$(BUILT_PRODUCTS_DIR)/Example.app/Example";
			};
			name = Release;
		};
		129961F82469EBF400A88ADD /* Debug */ = {
			isa = XCBuildConfiguration;
			buildSettings = {
				ALWAYS_EMBED_SWIFT_STANDARD_LIBRARIES = YES;
				CODE_SIGN_STYLE = Automatic;
				DEVELOPMENT_TEAM = 82W93M4H92;
				INFOPLIST_FILE = ExampleUITests/Info.plist;
				IPHONEOS_DEPLOYMENT_TARGET = 13.4;
				LD_RUNPATH_SEARCH_PATHS = (
					"$(inherited)",
					"@executable_path/Frameworks",
					"@loader_path/Frameworks",
				);
				PRODUCT_BUNDLE_IDENTIFIER = com.reidchatham.ExampleUITests;
				PRODUCT_NAME = "$(TARGET_NAME)";
				SWIFT_VERSION = 5.0;
				TARGETED_DEVICE_FAMILY = "1,2";
				TEST_TARGET_NAME = Example;
			};
			name = Debug;
		};
		129961F92469EBF400A88ADD /* Release */ = {
			isa = XCBuildConfiguration;
			buildSettings = {
				ALWAYS_EMBED_SWIFT_STANDARD_LIBRARIES = YES;
				CODE_SIGN_STYLE = Automatic;
				DEVELOPMENT_TEAM = 82W93M4H92;
				INFOPLIST_FILE = ExampleUITests/Info.plist;
				IPHONEOS_DEPLOYMENT_TARGET = 13.4;
				LD_RUNPATH_SEARCH_PATHS = (
					"$(inherited)",
					"@executable_path/Frameworks",
					"@loader_path/Frameworks",
				);
				PRODUCT_BUNDLE_IDENTIFIER = com.reidchatham.ExampleUITests;
				PRODUCT_NAME = "$(TARGET_NAME)";
				SWIFT_VERSION = 5.0;
				TARGETED_DEVICE_FAMILY = "1,2";
				TEST_TARGET_NAME = Example;
			};
			name = Release;
		};
		12FE2B2621B9943F0082C9DA /* Debug */ = {
			isa = XCBuildConfiguration;
			buildSettings = {
				ALWAYS_SEARCH_USER_PATHS = NO;
				CLANG_ANALYZER_NONNULL = YES;
				CLANG_ANALYZER_NUMBER_OBJECT_CONVERSION = YES_AGGRESSIVE;
				CLANG_CXX_LANGUAGE_STANDARD = "gnu++14";
				CLANG_CXX_LIBRARY = "libc++";
				CLANG_ENABLE_MODULES = YES;
				CLANG_ENABLE_OBJC_ARC = YES;
				CLANG_ENABLE_OBJC_WEAK = YES;
				CLANG_WARN_BLOCK_CAPTURE_AUTORELEASING = YES;
				CLANG_WARN_BOOL_CONVERSION = YES;
				CLANG_WARN_COMMA = YES;
				CLANG_WARN_CONSTANT_CONVERSION = YES;
				CLANG_WARN_DEPRECATED_OBJC_IMPLEMENTATIONS = YES;
				CLANG_WARN_DIRECT_OBJC_ISA_USAGE = YES_ERROR;
				CLANG_WARN_DOCUMENTATION_COMMENTS = YES;
				CLANG_WARN_EMPTY_BODY = YES;
				CLANG_WARN_ENUM_CONVERSION = YES;
				CLANG_WARN_INFINITE_RECURSION = YES;
				CLANG_WARN_INT_CONVERSION = YES;
				CLANG_WARN_NON_LITERAL_NULL_CONVERSION = YES;
				CLANG_WARN_OBJC_IMPLICIT_RETAIN_SELF = YES;
				CLANG_WARN_OBJC_LITERAL_CONVERSION = YES;
				CLANG_WARN_OBJC_ROOT_CLASS = YES_ERROR;
				CLANG_WARN_RANGE_LOOP_ANALYSIS = YES;
				CLANG_WARN_STRICT_PROTOTYPES = YES;
				CLANG_WARN_SUSPICIOUS_MOVE = YES;
				CLANG_WARN_UNGUARDED_AVAILABILITY = YES_AGGRESSIVE;
				CLANG_WARN_UNREACHABLE_CODE = YES;
				CLANG_WARN__DUPLICATE_METHOD_MATCH = YES;
				CODE_SIGN_IDENTITY = "iPhone Developer";
				COPY_PHASE_STRIP = NO;
				CURRENT_PROJECT_VERSION = 1;
				DEBUG_INFORMATION_FORMAT = dwarf;
				ENABLE_STRICT_OBJC_MSGSEND = YES;
				ENABLE_TESTABILITY = YES;
				GCC_C_LANGUAGE_STANDARD = gnu11;
				GCC_DYNAMIC_NO_PIC = NO;
				GCC_NO_COMMON_BLOCKS = YES;
				GCC_OPTIMIZATION_LEVEL = 0;
				GCC_PREPROCESSOR_DEFINITIONS = (
					"DEBUG=1",
					"$(inherited)",
				);
				GCC_WARN_64_TO_32_BIT_CONVERSION = YES;
				GCC_WARN_ABOUT_RETURN_TYPE = YES_ERROR;
				GCC_WARN_UNDECLARED_SELECTOR = YES;
				GCC_WARN_UNINITIALIZED_AUTOS = YES_AGGRESSIVE;
				GCC_WARN_UNUSED_FUNCTION = YES;
				GCC_WARN_UNUSED_VARIABLE = YES;
				IPHONEOS_DEPLOYMENT_TARGET = 12.1;
				MTL_ENABLE_DEBUG_INFO = INCLUDE_SOURCE;
				MTL_FAST_MATH = YES;
				ONLY_ACTIVE_ARCH = YES;
				SDKROOT = iphoneos;
				SWIFT_ACTIVE_COMPILATION_CONDITIONS = DEBUG;
				SWIFT_OPTIMIZATION_LEVEL = "-Onone";
				VERSIONING_SYSTEM = "apple-generic";
				VERSION_INFO_PREFIX = "";
			};
			name = Debug;
		};
		12FE2B2721B9943F0082C9DA /* Release */ = {
			isa = XCBuildConfiguration;
			buildSettings = {
				ALWAYS_SEARCH_USER_PATHS = NO;
				CLANG_ANALYZER_NONNULL = YES;
				CLANG_ANALYZER_NUMBER_OBJECT_CONVERSION = YES_AGGRESSIVE;
				CLANG_CXX_LANGUAGE_STANDARD = "gnu++14";
				CLANG_CXX_LIBRARY = "libc++";
				CLANG_ENABLE_MODULES = YES;
				CLANG_ENABLE_OBJC_ARC = YES;
				CLANG_ENABLE_OBJC_WEAK = YES;
				CLANG_WARN_BLOCK_CAPTURE_AUTORELEASING = YES;
				CLANG_WARN_BOOL_CONVERSION = YES;
				CLANG_WARN_COMMA = YES;
				CLANG_WARN_CONSTANT_CONVERSION = YES;
				CLANG_WARN_DEPRECATED_OBJC_IMPLEMENTATIONS = YES;
				CLANG_WARN_DIRECT_OBJC_ISA_USAGE = YES_ERROR;
				CLANG_WARN_DOCUMENTATION_COMMENTS = YES;
				CLANG_WARN_EMPTY_BODY = YES;
				CLANG_WARN_ENUM_CONVERSION = YES;
				CLANG_WARN_INFINITE_RECURSION = YES;
				CLANG_WARN_INT_CONVERSION = YES;
				CLANG_WARN_NON_LITERAL_NULL_CONVERSION = YES;
				CLANG_WARN_OBJC_IMPLICIT_RETAIN_SELF = YES;
				CLANG_WARN_OBJC_LITERAL_CONVERSION = YES;
				CLANG_WARN_OBJC_ROOT_CLASS = YES_ERROR;
				CLANG_WARN_RANGE_LOOP_ANALYSIS = YES;
				CLANG_WARN_STRICT_PROTOTYPES = YES;
				CLANG_WARN_SUSPICIOUS_MOVE = YES;
				CLANG_WARN_UNGUARDED_AVAILABILITY = YES_AGGRESSIVE;
				CLANG_WARN_UNREACHABLE_CODE = YES;
				CLANG_WARN__DUPLICATE_METHOD_MATCH = YES;
				CODE_SIGN_IDENTITY = "iPhone Developer";
				COPY_PHASE_STRIP = NO;
				CURRENT_PROJECT_VERSION = 1;
				DEBUG_INFORMATION_FORMAT = "dwarf-with-dsym";
				ENABLE_NS_ASSERTIONS = NO;
				ENABLE_STRICT_OBJC_MSGSEND = YES;
				GCC_C_LANGUAGE_STANDARD = gnu11;
				GCC_NO_COMMON_BLOCKS = YES;
				GCC_WARN_64_TO_32_BIT_CONVERSION = YES;
				GCC_WARN_ABOUT_RETURN_TYPE = YES_ERROR;
				GCC_WARN_UNDECLARED_SELECTOR = YES;
				GCC_WARN_UNINITIALIZED_AUTOS = YES_AGGRESSIVE;
				GCC_WARN_UNUSED_FUNCTION = YES;
				GCC_WARN_UNUSED_VARIABLE = YES;
				IPHONEOS_DEPLOYMENT_TARGET = 12.1;
				MTL_ENABLE_DEBUG_INFO = NO;
				MTL_FAST_MATH = YES;
				SDKROOT = iphoneos;
				SWIFT_COMPILATION_MODE = wholemodule;
				SWIFT_OPTIMIZATION_LEVEL = "-O";
				VALIDATE_PRODUCT = YES;
				VERSIONING_SYSTEM = "apple-generic";
				VERSION_INFO_PREFIX = "";
			};
			name = Release;
		};
		12FE2B2921B9943F0082C9DA /* Debug */ = {
			isa = XCBuildConfiguration;
			buildSettings = {
				CODE_SIGN_IDENTITY = "";
				CODE_SIGN_STYLE = Automatic;
				DEFINES_MODULE = YES;
				DEVELOPMENT_TEAM = 82W93M4H92;
				DYLIB_COMPATIBILITY_VERSION = 1;
				DYLIB_CURRENT_VERSION = 1;
				DYLIB_INSTALL_NAME_BASE = "@rpath";
				INFOPLIST_FILE = DNDKit/Info.plist;
				INSTALL_PATH = "$(LOCAL_LIBRARY_DIR)/Frameworks";
				LD_RUNPATH_SEARCH_PATHS = (
					"$(inherited)",
					"@executable_path/Frameworks",
					"@loader_path/Frameworks",
				);
				PRODUCT_BUNDLE_IDENTIFIER = com.reidchatham.DNDKit;
				PRODUCT_NAME = "$(TARGET_NAME:c99extidentifier)";
				SKIP_INSTALL = YES;
				SWIFT_VERSION = 4.2;
				TARGETED_DEVICE_FAMILY = "1,2";
			};
			name = Debug;
		};
		12FE2B2A21B9943F0082C9DA /* Release */ = {
			isa = XCBuildConfiguration;
			buildSettings = {
				CODE_SIGN_IDENTITY = "";
				CODE_SIGN_STYLE = Automatic;
				DEFINES_MODULE = YES;
				DEVELOPMENT_TEAM = 82W93M4H92;
				DYLIB_COMPATIBILITY_VERSION = 1;
				DYLIB_CURRENT_VERSION = 1;
				DYLIB_INSTALL_NAME_BASE = "@rpath";
				INFOPLIST_FILE = DNDKit/Info.plist;
				INSTALL_PATH = "$(LOCAL_LIBRARY_DIR)/Frameworks";
				LD_RUNPATH_SEARCH_PATHS = (
					"$(inherited)",
					"@executable_path/Frameworks",
					"@loader_path/Frameworks",
				);
				PRODUCT_BUNDLE_IDENTIFIER = com.reidchatham.DNDKit;
				PRODUCT_NAME = "$(TARGET_NAME:c99extidentifier)";
				SKIP_INSTALL = YES;
				SWIFT_VERSION = 4.2;
				TARGETED_DEVICE_FAMILY = "1,2";
			};
			name = Release;
		};
		12FE2B2C21B9943F0082C9DA /* Debug */ = {
			isa = XCBuildConfiguration;
			buildSettings = {
				ALWAYS_EMBED_SWIFT_STANDARD_LIBRARIES = YES;
				CODE_SIGN_STYLE = Automatic;
				DEVELOPMENT_TEAM = 82W93M4H92;
				INFOPLIST_FILE = DNDKitTests/Info.plist;
				LD_RUNPATH_SEARCH_PATHS = (
					"$(inherited)",
					"@executable_path/Frameworks",
					"@loader_path/Frameworks",
				);
				PRODUCT_BUNDLE_IDENTIFIER = com.reidchatham.DNDKitTests;
				PRODUCT_NAME = "$(TARGET_NAME)";
				SWIFT_VERSION = 4.2;
				TARGETED_DEVICE_FAMILY = "1,2";
			};
			name = Debug;
		};
		12FE2B2D21B9943F0082C9DA /* Release */ = {
			isa = XCBuildConfiguration;
			buildSettings = {
				ALWAYS_EMBED_SWIFT_STANDARD_LIBRARIES = YES;
				CODE_SIGN_STYLE = Automatic;
				DEVELOPMENT_TEAM = 82W93M4H92;
				INFOPLIST_FILE = DNDKitTests/Info.plist;
				LD_RUNPATH_SEARCH_PATHS = (
					"$(inherited)",
					"@executable_path/Frameworks",
					"@loader_path/Frameworks",
				);
				PRODUCT_BUNDLE_IDENTIFIER = com.reidchatham.DNDKitTests;
				PRODUCT_NAME = "$(TARGET_NAME)";
				SWIFT_VERSION = 4.2;
				TARGETED_DEVICE_FAMILY = "1,2";
			};
			name = Release;
		};
/* End XCBuildConfiguration section */

/* Begin XCConfigurationList section */
		129961F12469EBF400A88ADD /* Build configuration list for PBXNativeTarget "Example" */ = {
			isa = XCConfigurationList;
			buildConfigurations = (
				129961F22469EBF400A88ADD /* Debug */,
				129961F32469EBF400A88ADD /* Release */,
			);
			defaultConfigurationIsVisible = 0;
			defaultConfigurationName = Release;
		};
		129961F42469EBF400A88ADD /* Build configuration list for PBXNativeTarget "ExampleTests" */ = {
			isa = XCConfigurationList;
			buildConfigurations = (
				129961F52469EBF400A88ADD /* Debug */,
				129961F62469EBF400A88ADD /* Release */,
			);
			defaultConfigurationIsVisible = 0;
			defaultConfigurationName = Release;
		};
		129961F72469EBF400A88ADD /* Build configuration list for PBXNativeTarget "ExampleUITests" */ = {
			isa = XCConfigurationList;
			buildConfigurations = (
				129961F82469EBF400A88ADD /* Debug */,
				129961F92469EBF400A88ADD /* Release */,
			);
			defaultConfigurationIsVisible = 0;
			defaultConfigurationName = Release;
		};
		12FE2B0E21B9943E0082C9DA /* Build configuration list for PBXProject "DNDKit" */ = {
			isa = XCConfigurationList;
			buildConfigurations = (
				12FE2B2621B9943F0082C9DA /* Debug */,
				12FE2B2721B9943F0082C9DA /* Release */,
			);
			defaultConfigurationIsVisible = 0;
			defaultConfigurationName = Release;
		};
		12FE2B2821B9943F0082C9DA /* Build configuration list for PBXNativeTarget "DNDKit" */ = {
			isa = XCConfigurationList;
			buildConfigurations = (
				12FE2B2921B9943F0082C9DA /* Debug */,
				12FE2B2A21B9943F0082C9DA /* Release */,
			);
			defaultConfigurationIsVisible = 0;
			defaultConfigurationName = Release;
		};
		12FE2B2B21B9943F0082C9DA /* Build configuration list for PBXNativeTarget "DNDKitTests" */ = {
			isa = XCConfigurationList;
			buildConfigurations = (
				12FE2B2C21B9943F0082C9DA /* Debug */,
				12FE2B2D21B9943F0082C9DA /* Release */,
			);
			defaultConfigurationIsVisible = 0;
			defaultConfigurationName = Release;
		};
/* End XCConfigurationList section */
	};
	rootObject = 12FE2B0B21B9943E0082C9DA /* Project object */;
}
